
Microsoft Visual Studio Solution File, Format Version 12.00
# Visual Studio Version 16
VisualStudioVersion = 16.0.30104.148
MinimumVisualStudioVersion = 10.0.40219.1
Project("{FAE04EC0-301F-11D3-BF4B-00C04F79EFBC}") = "AutoClicker", "AutoClicker.csproj", "{C7DF9717-9257-4432-9A2D-CE04C345DFAA}"
EndProject
Global
	GlobalSection(SolutionConfigurationPlatforms) = preSolution
		Debug|Any CPU = Debug|Any CPU
		Release|Any CPU = Release|Any CPU
	EndGlobalSection
	GlobalSection(ProjectConfigurationPlatforms) = postSolution
		{C7DF9717-9257-4432-9A2D-CE04C345DFAA}.Debug|Any CPU.ActiveCfg = Debug|Any CPU
		{C7DF9717-9257-4432-9A2D-CE04C345DFAA}.Debug|Any CPU.Build.0 = Debug|Any CPU
		{C7DF9717-9257-4432-9A2D-CE04C345DFAA}.Release|Any CPU.ActiveCfg = Release|Any CPU
		{C7DF9717-9257-4432-9A2D-CE04C345DFAA}.Release|Any CPU.Build.0 = Release|Any CPU
	EndGlobalSection
	GlobalSection(SolutionProperties) = preSolution
		HideSolutionNode = FALSE
	EndGlobalSection
	GlobalSection(ExtensibilityGlobals) = postSolution
		SolutionGuid = {4B868C72-A071-470A-BD79-EAE8DF7F99D8}
	EndGlobalSection
EndGlobal
